<?xml version="1.0" encoding="utf-8"?>
<Project ToolsVersion="17.0" xmlns="http://schemas.microsoft.com/developer/msbuild/2003">
  <ItemGroup>
    <ClCompile Include="C:\SVN\master_epic_main\Engine\Source\ThirdParty\PhysX3\PhysX_3.4\Source\LowLevelAABB\src\BpBroadPhase.cpp">
      <Filter>src</Filter>
    </ClCompile>
    <ClCompile Include="C:\SVN\master_epic_main\Engine\Source\ThirdParty\PhysX3\PhysX_3.4\Source\LowLevelAABB\src\BpBroadPhaseMBP.cpp">
      <Filter>src</Filter>
    </ClCompile>
    <ClCompile Include="C:\SVN\master_epic_main\Engine\Source\ThirdParty\PhysX3\PhysX_3.4\Source\LowLevelAABB\src\BpBroadPhaseSap.cpp">
      <Filter>src</Filter>
    </ClCompile>
    <ClCompile Include="C:\SVN\master_epic_main\Engine\Source\ThirdParty\PhysX3\PhysX_3.4\Source\LowLevelAABB\src\BpBroadPhaseSapAux.cpp">
      <Filter>src</Filter>
    </ClCompile>
    <ClCompile Include="C:\SVN\master_epic_main\Engine\Source\ThirdParty\PhysX3\PhysX_3.4\Source\LowLevelAABB\src\BpMBPTasks.cpp">
      <Filter>src</Filter>
    </ClCompile>
    <ClCompile Include="C:\SVN\master_epic_main\Engine\Source\ThirdParty\PhysX3\PhysX_3.4\Source\LowLevelAABB\src\BpSAPTasks.cpp">
      <Filter>src</Filter>
    </ClCompile>
    <ClCompile Include="C:\SVN\master_epic_main\Engine\Source\ThirdParty\PhysX3\PhysX_3.4\Source\LowLevelAABB\src\BpSimpleAABBManager.cpp">
      <Filter>src</Filter>
    </ClCompile>
  </ItemGroup>
  <ItemGroup>
    <ClInclude Include="C:\SVN\master_epic_main\Engine\Source\ThirdParty\PhysX3\PhysX_3.4\Source\LowLevelAABB\include\BpAABBManagerTasks.h">
      <Filter>includes</Filter>
    </ClInclude>
    <ClInclude Include="C:\SVN\master_epic_main\Engine\Source\ThirdParty\PhysX3\PhysX_3.4\Source\LowLevelAABB\include\BpBroadPhase.h">
      <Filter>includes</Filter>
    </ClInclude>
    <ClInclude Include="C:\SVN\master_epic_main\Engine\Source\ThirdParty\PhysX3\PhysX_3.4\Source\LowLevelAABB\include\BpBroadPhaseUpdate.h">
      <Filter>includes</Filter>
    </ClInclude>
    <ClInclude Include="C:\SVN\master_epic_main\Engine\Source\ThirdParty\PhysX3\PhysX_3.4\Source\LowLevelAABB\include\BpSimpleAABBManager.h">
      <Filter>includes</Filter>
    </ClInclude>
    <ClInclude Include="C:\SVN\master_epic_main\Engine\Source\ThirdParty\PhysX3\PhysX_3.4\Source\LowLevelAABB\src\BpBroadPhaseMBP.h">
      <Filter>src</Filter>
    </ClInclude>
    <ClInclude Include="C:\SVN\master_epic_main\Engine\Source\ThirdParty\PhysX3\PhysX_3.4\Source\LowLevelAABB\src\BpBroadPhaseMBPCommon.h">
      <Filter>src</Filter>
    </ClInclude>
    <ClInclude Include="C:\SVN\master_epic_main\Engine\Source\ThirdParty\PhysX3\PhysX_3.4\Source\LowLevelAABB\src\BpBroadPhaseSap.h">
      <Filter>src</Filter>
    </ClInclude>
    <ClInclude Include="C:\SVN\master_epic_main\Engine\Source\ThirdParty\PhysX3\PhysX_3.4\Source\LowLevelAABB\src\BpBroadPhaseSapAux.h">
      <Filter>src</Filter>
    </ClInclude>
    <ClInclude Include="C:\SVN\master_epic_main\Engine\Source\ThirdParty\PhysX3\PhysX_3.4\Source\LowLevelAABB\src\BpMBPTasks.h">
      <Filter>src</Filter>
    </ClInclude>
    <ClInclude Include="C:\SVN\master_epic_main\Engine\Source\ThirdParty\PhysX3\PhysX_3.4\Source\LowLevelAABB\src\BpSAPTasks.h">
      <Filter>src</Filter>
    </ClInclude>
  </ItemGroup>
  <ItemGroup>
    <CustomBuild Include="C:\SVN\master_epic_main\Engine\Source\ThirdParty\PhysX3\PhysX_3.4\Source\compiler\cmake\windows\CMakeLists.txt" />
  </ItemGroup>
  <ItemGroup>
    <Filter Include="includes">
      <UniqueIdentifier>{4FECB3DC-A9F2-3E0C-A62A-C0C63DE2D5D4}</UniqueIdentifier>
    </Filter>
    <Filter Include="src">
      <UniqueIdentifier>{96EDB04D-3857-3D1F-AC65-1CF565980106}</UniqueIdentifier>
    </Filter>
  </ItemGroup>
</Project>
