<?xml version="1.0" encoding="utf-8"?>
<Project ToolsVersion="17.0" xmlns="http://schemas.microsoft.com/developer/msbuild/2003">
  <ItemGroup>
    <ClCompile Include="C:\SVN\master_epic_main\Engine\Source\ThirdParty\PhysX3\PhysX_3.4\Source\PhysXExtensions\src\ExtBroadPhase.cpp">
      <Filter>src</Filter>
    </ClCompile>
    <ClCompile Include="C:\SVN\master_epic_main\Engine\Source\ThirdParty\PhysX3\PhysX_3.4\Source\PhysXExtensions\src\ExtClothFabricCooker.cpp">
      <Filter>src</Filter>
    </ClCompile>
    <ClCompile Include="C:\SVN\master_epic_main\Engine\Source\ThirdParty\PhysX3\PhysX_3.4\Source\PhysXExtensions\src\ExtClothGeodesicTetherCooker.cpp">
      <Filter>src</Filter>
    </ClCompile>
    <ClCompile Include="C:\SVN\master_epic_main\Engine\Source\ThirdParty\PhysX3\PhysX_3.4\Source\PhysXExtensions\src\ExtClothMeshQuadifier.cpp">
      <Filter>src</Filter>
    </ClCompile>
    <ClCompile Include="C:\SVN\master_epic_main\Engine\Source\ThirdParty\PhysX3\PhysX_3.4\Source\PhysXExtensions\src\ExtClothSimpleTetherCooker.cpp">
      <Filter>src</Filter>
    </ClCompile>
    <ClCompile Include="C:\SVN\master_epic_main\Engine\Source\ThirdParty\PhysX3\PhysX_3.4\Source\PhysXExtensions\src\ExtCollection.cpp">
      <Filter>src</Filter>
    </ClCompile>
    <ClCompile Include="C:\SVN\master_epic_main\Engine\Source\ThirdParty\PhysX3\PhysX_3.4\Source\PhysXExtensions\src\ExtConvexMeshExt.cpp">
      <Filter>src</Filter>
    </ClCompile>
    <ClCompile Include="C:\SVN\master_epic_main\Engine\Source\ThirdParty\PhysX3\PhysX_3.4\Source\PhysXExtensions\src\ExtCpuWorkerThread.cpp">
      <Filter>src</Filter>
    </ClCompile>
    <ClCompile Include="C:\SVN\master_epic_main\Engine\Source\ThirdParty\PhysX3\PhysX_3.4\Source\PhysXExtensions\src\ExtD6Joint.cpp">
      <Filter>src</Filter>
    </ClCompile>
    <ClCompile Include="C:\SVN\master_epic_main\Engine\Source\ThirdParty\PhysX3\PhysX_3.4\Source\PhysXExtensions\src\ExtD6JointSolverPrep.cpp">
      <Filter>src</Filter>
    </ClCompile>
    <ClCompile Include="C:\SVN\master_epic_main\Engine\Source\ThirdParty\PhysX3\PhysX_3.4\Source\PhysXExtensions\src\ExtDefaultCpuDispatcher.cpp">
      <Filter>src</Filter>
    </ClCompile>
    <ClCompile Include="C:\SVN\master_epic_main\Engine\Source\ThirdParty\PhysX3\PhysX_3.4\Source\PhysXExtensions\src\ExtDefaultErrorCallback.cpp">
      <Filter>src</Filter>
    </ClCompile>
    <ClCompile Include="C:\SVN\master_epic_main\Engine\Source\ThirdParty\PhysX3\PhysX_3.4\Source\PhysXExtensions\src\ExtDefaultSimulationFilterShader.cpp">
      <Filter>src</Filter>
    </ClCompile>
    <ClCompile Include="C:\SVN\master_epic_main\Engine\Source\ThirdParty\PhysX3\PhysX_3.4\Source\PhysXExtensions\src\ExtDefaultStreams.cpp">
      <Filter>src</Filter>
    </ClCompile>
    <ClCompile Include="C:\SVN\master_epic_main\Engine\Source\ThirdParty\PhysX3\PhysX_3.4\Source\PhysXExtensions\src\ExtDistanceJoint.cpp">
      <Filter>src</Filter>
    </ClCompile>
    <ClCompile Include="C:\SVN\master_epic_main\Engine\Source\ThirdParty\PhysX3\PhysX_3.4\Source\PhysXExtensions\src\ExtDistanceJointSolverPrep.cpp">
      <Filter>src</Filter>
    </ClCompile>
    <ClCompile Include="C:\SVN\master_epic_main\Engine\Source\ThirdParty\PhysX3\PhysX_3.4\Source\PhysXExtensions\src\ExtExtensions.cpp">
      <Filter>src</Filter>
    </ClCompile>
    <ClCompile Include="C:\SVN\master_epic_main\Engine\Source\ThirdParty\PhysX3\PhysX_3.4\Source\PhysXExtensions\src\ExtFixedJoint.cpp">
      <Filter>src</Filter>
    </ClCompile>
    <ClCompile Include="C:\SVN\master_epic_main\Engine\Source\ThirdParty\PhysX3\PhysX_3.4\Source\PhysXExtensions\src\ExtFixedJointSolverPrep.cpp">
      <Filter>src</Filter>
    </ClCompile>
    <ClCompile Include="C:\SVN\master_epic_main\Engine\Source\ThirdParty\PhysX3\PhysX_3.4\Source\PhysXExtensions\src\ExtJoint.cpp">
      <Filter>src</Filter>
    </ClCompile>
    <ClCompile Include="C:\SVN\master_epic_main\Engine\Source\ThirdParty\PhysX3\PhysX_3.4\Source\PhysXExtensions\src\ExtMetaData.cpp">
      <Filter>src</Filter>
    </ClCompile>
    <ClCompile Include="C:\SVN\master_epic_main\Engine\Source\ThirdParty\PhysX3\PhysX_3.4\Source\PhysXExtensions\src\ExtParticleExt.cpp">
      <Filter>src</Filter>
    </ClCompile>
    <ClCompile Include="C:\SVN\master_epic_main\Engine\Source\ThirdParty\PhysX3\PhysX_3.4\Source\PhysXExtensions\src\ExtPrismaticJoint.cpp">
      <Filter>src</Filter>
    </ClCompile>
    <ClCompile Include="C:\SVN\master_epic_main\Engine\Source\ThirdParty\PhysX3\PhysX_3.4\Source\PhysXExtensions\src\ExtPrismaticJointSolverPrep.cpp">
      <Filter>src</Filter>
    </ClCompile>
    <ClCompile Include="C:\SVN\master_epic_main\Engine\Source\ThirdParty\PhysX3\PhysX_3.4\Source\PhysXExtensions\src\ExtPvd.cpp">
      <Filter>src</Filter>
    </ClCompile>
    <ClCompile Include="C:\SVN\master_epic_main\Engine\Source\ThirdParty\PhysX3\PhysX_3.4\Source\PhysXExtensions\src\ExtPxStringTable.cpp">
      <Filter>src</Filter>
    </ClCompile>
    <ClCompile Include="C:\SVN\master_epic_main\Engine\Source\ThirdParty\PhysX3\PhysX_3.4\Source\PhysXExtensions\src\ExtRaycastCCD.cpp">
      <Filter>src</Filter>
    </ClCompile>
    <ClCompile Include="C:\SVN\master_epic_main\Engine\Source\ThirdParty\PhysX3\PhysX_3.4\Source\PhysXExtensions\src\ExtRevoluteJoint.cpp">
      <Filter>src</Filter>
    </ClCompile>
    <ClCompile Include="C:\SVN\master_epic_main\Engine\Source\ThirdParty\PhysX3\PhysX_3.4\Source\PhysXExtensions\src\ExtRevoluteJointSolverPrep.cpp">
      <Filter>src</Filter>
    </ClCompile>
    <ClCompile Include="C:\SVN\master_epic_main\Engine\Source\ThirdParty\PhysX3\PhysX_3.4\Source\PhysXExtensions\src\ExtRigidBodyExt.cpp">
      <Filter>src</Filter>
    </ClCompile>
    <ClCompile Include="C:\SVN\master_epic_main\Engine\Source\ThirdParty\PhysX3\PhysX_3.4\Source\PhysXExtensions\src\ExtSceneQueryExt.cpp">
      <Filter>src</Filter>
    </ClCompile>
    <ClCompile Include="C:\SVN\master_epic_main\Engine\Source\ThirdParty\PhysX3\PhysX_3.4\Source\PhysXExtensions\src\ExtSimpleFactory.cpp">
      <Filter>src</Filter>
    </ClCompile>
    <ClCompile Include="C:\SVN\master_epic_main\Engine\Source\ThirdParty\PhysX3\PhysX_3.4\Source\PhysXExtensions\src\ExtSmoothNormals.cpp">
      <Filter>src</Filter>
    </ClCompile>
    <ClCompile Include="C:\SVN\master_epic_main\Engine\Source\ThirdParty\PhysX3\PhysX_3.4\Source\PhysXExtensions\src\ExtSphericalJoint.cpp">
      <Filter>src</Filter>
    </ClCompile>
    <ClCompile Include="C:\SVN\master_epic_main\Engine\Source\ThirdParty\PhysX3\PhysX_3.4\Source\PhysXExtensions\src\ExtSphericalJointSolverPrep.cpp">
      <Filter>src</Filter>
    </ClCompile>
    <ClCompile Include="C:\SVN\master_epic_main\Engine\Source\ThirdParty\PhysX3\PhysX_3.4\Source\PhysXExtensions\src\ExtTriangleMeshExt.cpp">
      <Filter>src</Filter>
    </ClCompile>
    <ClCompile Include="C:\SVN\master_epic_main\Engine\Source\ThirdParty\PhysX3\PhysX_3.4\Source\PhysXMetaData\extensions\src\PxExtensionAutoGeneratedMetaDataObjects.cpp">
      <Filter>src\metadata</Filter>
    </ClCompile>
    <ClCompile Include="C:\SVN\master_epic_main\Engine\Source\ThirdParty\PhysX3\PhysX_3.4\Source\PhysXExtensions\src\serialization\SnSerialization.cpp">
      <Filter>serialization</Filter>
    </ClCompile>
    <ClCompile Include="C:\SVN\master_epic_main\Engine\Source\ThirdParty\PhysX3\PhysX_3.4\Source\PhysXExtensions\src\serialization\SnSerializationRegistry.cpp">
      <Filter>serialization</Filter>
    </ClCompile>
    <ClCompile Include="C:\SVN\master_epic_main\Engine\Source\ThirdParty\PhysX3\PhysX_3.4\Source\PhysXExtensions\src\serialization\SnSerialUtils.cpp">
      <Filter>serialization</Filter>
    </ClCompile>
    <ClCompile Include="C:\SVN\master_epic_main\Engine\Source\ThirdParty\PhysX3\PhysX_3.4\Source\PhysXExtensions\src\serialization\Xml\SnJointRepXSerializer.cpp">
      <Filter>serialization\xml</Filter>
    </ClCompile>
    <ClCompile Include="C:\SVN\master_epic_main\Engine\Source\ThirdParty\PhysX3\PhysX_3.4\Source\PhysXExtensions\src\serialization\Xml\SnRepXCoreSerializer.cpp">
      <Filter>serialization\xml</Filter>
    </ClCompile>
    <ClCompile Include="C:\SVN\master_epic_main\Engine\Source\ThirdParty\PhysX3\PhysX_3.4\Source\PhysXExtensions\src\serialization\Xml\SnRepXUpgrader.cpp">
      <Filter>serialization\xml</Filter>
    </ClCompile>
    <ClCompile Include="C:\SVN\master_epic_main\Engine\Source\ThirdParty\PhysX3\PhysX_3.4\Source\PhysXExtensions\src\serialization\Xml\SnXmlSerialization.cpp">
      <Filter>serialization\xml</Filter>
    </ClCompile>
    <ClCompile Include="C:\SVN\master_epic_main\Engine\Source\ThirdParty\PhysX3\PhysX_3.4\Source\PhysXExtensions\src\serialization\Binary\SnBinaryDeserialization.cpp">
      <Filter>serialization\binary</Filter>
    </ClCompile>
    <ClCompile Include="C:\SVN\master_epic_main\Engine\Source\ThirdParty\PhysX3\PhysX_3.4\Source\PhysXExtensions\src\serialization\Binary\SnBinarySerialization.cpp">
      <Filter>serialization\binary</Filter>
    </ClCompile>
    <ClCompile Include="C:\SVN\master_epic_main\Engine\Source\ThirdParty\PhysX3\PhysX_3.4\Source\PhysXExtensions\src\serialization\Binary\SnConvX.cpp">
      <Filter>serialization\binary</Filter>
    </ClCompile>
    <ClCompile Include="C:\SVN\master_epic_main\Engine\Source\ThirdParty\PhysX3\PhysX_3.4\Source\PhysXExtensions\src\serialization\Binary\SnConvX_Align.cpp">
      <Filter>serialization\binary</Filter>
    </ClCompile>
    <ClCompile Include="C:\SVN\master_epic_main\Engine\Source\ThirdParty\PhysX3\PhysX_3.4\Source\PhysXExtensions\src\serialization\Binary\SnConvX_Convert.cpp">
      <Filter>serialization\binary</Filter>
    </ClCompile>
    <ClCompile Include="C:\SVN\master_epic_main\Engine\Source\ThirdParty\PhysX3\PhysX_3.4\Source\PhysXExtensions\src\serialization\Binary\SnConvX_Error.cpp">
      <Filter>serialization\binary</Filter>
    </ClCompile>
    <ClCompile Include="C:\SVN\master_epic_main\Engine\Source\ThirdParty\PhysX3\PhysX_3.4\Source\PhysXExtensions\src\serialization\Binary\SnConvX_MetaData.cpp">
      <Filter>serialization\binary</Filter>
    </ClCompile>
    <ClCompile Include="C:\SVN\master_epic_main\Engine\Source\ThirdParty\PhysX3\PhysX_3.4\Source\PhysXExtensions\src\serialization\Binary\SnConvX_Output.cpp">
      <Filter>serialization\binary</Filter>
    </ClCompile>
    <ClCompile Include="C:\SVN\master_epic_main\Engine\Source\ThirdParty\PhysX3\PhysX_3.4\Source\PhysXExtensions\src\serialization\Binary\SnConvX_Union.cpp">
      <Filter>serialization\binary</Filter>
    </ClCompile>
    <ClCompile Include="C:\SVN\master_epic_main\Engine\Source\ThirdParty\PhysX3\PhysX_3.4\Source\PhysXExtensions\src\serialization\Binary\SnSerializationContext.cpp">
      <Filter>serialization\binary</Filter>
    </ClCompile>
  </ItemGroup>
  <ItemGroup>
    <ClInclude Include="C:\SVN\master_epic_main\Engine\Source\ThirdParty\PhysX3\PhysX_3.4\Source\PhysXExtensions\src\ExtConstraintHelper.h">
      <Filter>src</Filter>
    </ClInclude>
    <ClInclude Include="C:\SVN\master_epic_main\Engine\Source\ThirdParty\PhysX3\PhysX_3.4\Source\PhysXExtensions\src\ExtCpuWorkerThread.h">
      <Filter>src</Filter>
    </ClInclude>
    <ClInclude Include="C:\SVN\master_epic_main\Engine\Source\ThirdParty\PhysX3\PhysX_3.4\Source\PhysXExtensions\src\ExtD6Joint.h">
      <Filter>src</Filter>
    </ClInclude>
    <ClInclude Include="C:\SVN\master_epic_main\Engine\Source\ThirdParty\PhysX3\PhysX_3.4\Source\PhysXExtensions\src\ExtDefaultCpuDispatcher.h">
      <Filter>src</Filter>
    </ClInclude>
    <ClInclude Include="C:\SVN\master_epic_main\Engine\Source\ThirdParty\PhysX3\PhysX_3.4\Source\PhysXExtensions\src\ExtDistanceJoint.h">
      <Filter>src</Filter>
    </ClInclude>
    <ClInclude Include="C:\SVN\master_epic_main\Engine\Source\ThirdParty\PhysX3\PhysX_3.4\Source\PhysXExtensions\src\ExtFixedJoint.h">
      <Filter>src</Filter>
    </ClInclude>
    <ClInclude Include="C:\SVN\master_epic_main\Engine\Source\ThirdParty\PhysX3\PhysX_3.4\Source\PhysXExtensions\src\ExtInertiaTensor.h">
      <Filter>src</Filter>
    </ClInclude>
    <ClInclude Include="C:\SVN\master_epic_main\Engine\Source\ThirdParty\PhysX3\PhysX_3.4\Source\PhysXExtensions\src\ExtJoint.h">
      <Filter>src</Filter>
    </ClInclude>
    <ClInclude Include="C:\SVN\master_epic_main\Engine\Source\ThirdParty\PhysX3\PhysX_3.4\Source\PhysXExtensions\src\ExtJointMetaDataExtensions.h">
      <Filter>src</Filter>
    </ClInclude>
    <ClInclude Include="C:\SVN\master_epic_main\Engine\Source\ThirdParty\PhysX3\PhysX_3.4\Source\PhysXExtensions\src\ExtPlatform.h">
      <Filter>src</Filter>
    </ClInclude>
    <ClInclude Include="C:\SVN\master_epic_main\Engine\Source\ThirdParty\PhysX3\PhysX_3.4\Source\PhysXExtensions\src\ExtPrismaticJoint.h">
      <Filter>src</Filter>
    </ClInclude>
    <ClInclude Include="C:\SVN\master_epic_main\Engine\Source\ThirdParty\PhysX3\PhysX_3.4\Source\PhysXExtensions\src\ExtPvd.h">
      <Filter>src</Filter>
    </ClInclude>
    <ClInclude Include="C:\SVN\master_epic_main\Engine\Source\ThirdParty\PhysX3\PhysX_3.4\Source\PhysXExtensions\src\ExtRevoluteJoint.h">
      <Filter>src</Filter>
    </ClInclude>
    <ClInclude Include="C:\SVN\master_epic_main\Engine\Source\ThirdParty\PhysX3\PhysX_3.4\Source\PhysXExtensions\src\ExtSerialization.h">
      <Filter>src</Filter>
    </ClInclude>
    <ClInclude Include="C:\SVN\master_epic_main\Engine\Source\ThirdParty\PhysX3\PhysX_3.4\Source\PhysXExtensions\src\ExtSharedQueueEntryPool.h">
      <Filter>src</Filter>
    </ClInclude>
    <ClInclude Include="C:\SVN\master_epic_main\Engine\Source\ThirdParty\PhysX3\PhysX_3.4\Source\PhysXExtensions\src\ExtSphericalJoint.h">
      <Filter>src</Filter>
    </ClInclude>
    <ClInclude Include="C:\SVN\master_epic_main\Engine\Source\ThirdParty\PhysX3\PhysX_3.4\Source\PhysXExtensions\src\ExtTaskQueueHelper.h">
      <Filter>src</Filter>
    </ClInclude>
    <ClInclude Include="C:\SVN\master_epic_main\Engine\Source\ThirdParty\PhysX3\PhysX_3.4\Source\PhysXMetaData\extensions\include\PxExtensionAutoGeneratedMetaDataObjectNames.h">
      <Filter>src\metadata</Filter>
    </ClInclude>
    <ClInclude Include="C:\SVN\master_epic_main\Engine\Source\ThirdParty\PhysX3\PhysX_3.4\Source\PhysXMetaData\extensions\include\PxExtensionAutoGeneratedMetaDataObjects.h">
      <Filter>src\metadata</Filter>
    </ClInclude>
    <ClInclude Include="C:\SVN\master_epic_main\Engine\Source\ThirdParty\PhysX3\PhysX_3.4\Source\PhysXMetaData\extensions\include\PxExtensionMetaDataObjects.h">
      <Filter>src\metadata</Filter>
    </ClInclude>
    <ClInclude Include="C:\SVN\master_epic_main\Engine\Source\ThirdParty\PhysX3\PhysX_3.4\Include\extensions\PxBinaryConverter.h">
      <Filter>include</Filter>
    </ClInclude>
    <ClInclude Include="C:\SVN\master_epic_main\Engine\Source\ThirdParty\PhysX3\PhysX_3.4\Include\extensions\PxBroadPhaseExt.h">
      <Filter>include</Filter>
    </ClInclude>
    <ClInclude Include="C:\SVN\master_epic_main\Engine\Source\ThirdParty\PhysX3\PhysX_3.4\Include\extensions\PxClothFabricCooker.h">
      <Filter>include</Filter>
    </ClInclude>
    <ClInclude Include="C:\SVN\master_epic_main\Engine\Source\ThirdParty\PhysX3\PhysX_3.4\Include\extensions\PxClothMeshDesc.h">
      <Filter>include</Filter>
    </ClInclude>
    <ClInclude Include="C:\SVN\master_epic_main\Engine\Source\ThirdParty\PhysX3\PhysX_3.4\Include\extensions\PxClothMeshQuadifier.h">
      <Filter>include</Filter>
    </ClInclude>
    <ClInclude Include="C:\SVN\master_epic_main\Engine\Source\ThirdParty\PhysX3\PhysX_3.4\Include\extensions\PxClothTetherCooker.h">
      <Filter>include</Filter>
    </ClInclude>
    <ClInclude Include="C:\SVN\master_epic_main\Engine\Source\ThirdParty\PhysX3\PhysX_3.4\Include\extensions\PxCollectionExt.h">
      <Filter>include</Filter>
    </ClInclude>
    <ClInclude Include="C:\SVN\master_epic_main\Engine\Source\ThirdParty\PhysX3\PhysX_3.4\Include\extensions\PxConstraintExt.h">
      <Filter>include</Filter>
    </ClInclude>
    <ClInclude Include="C:\SVN\master_epic_main\Engine\Source\ThirdParty\PhysX3\PhysX_3.4\Include\extensions\PxConvexMeshExt.h">
      <Filter>include</Filter>
    </ClInclude>
    <ClInclude Include="C:\SVN\master_epic_main\Engine\Source\ThirdParty\PhysX3\PhysX_3.4\Include\extensions\PxD6Joint.h">
      <Filter>include</Filter>
    </ClInclude>
    <ClInclude Include="C:\SVN\master_epic_main\Engine\Source\ThirdParty\PhysX3\PhysX_3.4\Include\extensions\PxDefaultAllocator.h">
      <Filter>include</Filter>
    </ClInclude>
    <ClInclude Include="C:\SVN\master_epic_main\Engine\Source\ThirdParty\PhysX3\PhysX_3.4\Include\extensions\PxDefaultCpuDispatcher.h">
      <Filter>include</Filter>
    </ClInclude>
    <ClInclude Include="C:\SVN\master_epic_main\Engine\Source\ThirdParty\PhysX3\PhysX_3.4\Include\extensions\PxDefaultErrorCallback.h">
      <Filter>include</Filter>
    </ClInclude>
    <ClInclude Include="C:\SVN\master_epic_main\Engine\Source\ThirdParty\PhysX3\PhysX_3.4\Include\extensions\PxDefaultSimulationFilterShader.h">
      <Filter>include</Filter>
    </ClInclude>
    <ClInclude Include="C:\SVN\master_epic_main\Engine\Source\ThirdParty\PhysX3\PhysX_3.4\Include\extensions\PxDefaultStreams.h">
      <Filter>include</Filter>
    </ClInclude>
    <ClInclude Include="C:\SVN\master_epic_main\Engine\Source\ThirdParty\PhysX3\PhysX_3.4\Include\extensions\PxDistanceJoint.h">
      <Filter>include</Filter>
    </ClInclude>
    <ClInclude Include="C:\SVN\master_epic_main\Engine\Source\ThirdParty\PhysX3\PhysX_3.4\Include\extensions\PxExtensionsAPI.h">
      <Filter>include</Filter>
    </ClInclude>
    <ClInclude Include="C:\SVN\master_epic_main\Engine\Source\ThirdParty\PhysX3\PhysX_3.4\Include\extensions\PxFixedJoint.h">
      <Filter>include</Filter>
    </ClInclude>
    <ClInclude Include="C:\SVN\master_epic_main\Engine\Source\ThirdParty\PhysX3\PhysX_3.4\Include\extensions\PxJoint.h">
      <Filter>include</Filter>
    </ClInclude>
    <ClInclude Include="C:\SVN\master_epic_main\Engine\Source\ThirdParty\PhysX3\PhysX_3.4\Include\extensions\PxJointLimit.h">
      <Filter>include</Filter>
    </ClInclude>
    <ClInclude Include="C:\SVN\master_epic_main\Engine\Source\ThirdParty\PhysX3\PhysX_3.4\Include\extensions\PxMassProperties.h">
      <Filter>include</Filter>
    </ClInclude>
    <ClInclude Include="C:\SVN\master_epic_main\Engine\Source\ThirdParty\PhysX3\PhysX_3.4\Include\extensions\PxParticleExt.h">
      <Filter>include</Filter>
    </ClInclude>
    <ClInclude Include="C:\SVN\master_epic_main\Engine\Source\ThirdParty\PhysX3\PhysX_3.4\Include\extensions\PxPrismaticJoint.h">
      <Filter>include</Filter>
    </ClInclude>
    <ClInclude Include="C:\SVN\master_epic_main\Engine\Source\ThirdParty\PhysX3\PhysX_3.4\Include\extensions\PxRaycastCCD.h">
      <Filter>include</Filter>
    </ClInclude>
    <ClInclude Include="C:\SVN\master_epic_main\Engine\Source\ThirdParty\PhysX3\PhysX_3.4\Include\extensions\PxRepXSerializer.h">
      <Filter>include</Filter>
    </ClInclude>
    <ClInclude Include="C:\SVN\master_epic_main\Engine\Source\ThirdParty\PhysX3\PhysX_3.4\Include\extensions\PxRepXSimpleType.h">
      <Filter>include</Filter>
    </ClInclude>
    <ClInclude Include="C:\SVN\master_epic_main\Engine\Source\ThirdParty\PhysX3\PhysX_3.4\Include\extensions\PxRevoluteJoint.h">
      <Filter>include</Filter>
    </ClInclude>
    <ClInclude Include="C:\SVN\master_epic_main\Engine\Source\ThirdParty\PhysX3\PhysX_3.4\Include\extensions\PxRigidActorExt.h">
      <Filter>include</Filter>
    </ClInclude>
    <ClInclude Include="C:\SVN\master_epic_main\Engine\Source\ThirdParty\PhysX3\PhysX_3.4\Include\extensions\PxRigidBodyExt.h">
      <Filter>include</Filter>
    </ClInclude>
    <ClInclude Include="C:\SVN\master_epic_main\Engine\Source\ThirdParty\PhysX3\PhysX_3.4\Include\extensions\PxSceneQueryExt.h">
      <Filter>include</Filter>
    </ClInclude>
    <ClInclude Include="C:\SVN\master_epic_main\Engine\Source\ThirdParty\PhysX3\PhysX_3.4\Include\extensions\PxSerialization.h">
      <Filter>include</Filter>
    </ClInclude>
    <ClInclude Include="C:\SVN\master_epic_main\Engine\Source\ThirdParty\PhysX3\PhysX_3.4\Include\extensions\PxShapeExt.h">
      <Filter>include</Filter>
    </ClInclude>
    <ClInclude Include="C:\SVN\master_epic_main\Engine\Source\ThirdParty\PhysX3\PhysX_3.4\Include\extensions\PxSimpleFactory.h">
      <Filter>include</Filter>
    </ClInclude>
    <ClInclude Include="C:\SVN\master_epic_main\Engine\Source\ThirdParty\PhysX3\PhysX_3.4\Include\extensions\PxSmoothNormals.h">
      <Filter>include</Filter>
    </ClInclude>
    <ClInclude Include="C:\SVN\master_epic_main\Engine\Source\ThirdParty\PhysX3\PhysX_3.4\Include\extensions\PxSphericalJoint.h">
      <Filter>include</Filter>
    </ClInclude>
    <ClInclude Include="C:\SVN\master_epic_main\Engine\Source\ThirdParty\PhysX3\PhysX_3.4\Include\extensions\PxStringTableExt.h">
      <Filter>include</Filter>
    </ClInclude>
    <ClInclude Include="C:\SVN\master_epic_main\Engine\Source\ThirdParty\PhysX3\PhysX_3.4\Include\extensions\PxTriangleMeshExt.h">
      <Filter>include</Filter>
    </ClInclude>
    <ClInclude Include="C:\SVN\master_epic_main\Engine\Source\ThirdParty\PhysX3\PhysX_3.4\Source\PhysXExtensions\src\serialization\SnSerializationRegistry.h">
      <Filter>serialization</Filter>
    </ClInclude>
    <ClInclude Include="C:\SVN\master_epic_main\Engine\Source\ThirdParty\PhysX3\PhysX_3.4\Source\PhysXExtensions\src\serialization\SnSerialUtils.h">
      <Filter>serialization</Filter>
    </ClInclude>
    <ClInclude Include="C:\SVN\master_epic_main\Engine\Source\ThirdParty\PhysX3\PhysX_3.4\Source\PhysXExtensions\src\serialization\Xml\SnPxStreamOperators.h">
      <Filter>serialization\xml</Filter>
    </ClInclude>
    <ClInclude Include="C:\SVN\master_epic_main\Engine\Source\ThirdParty\PhysX3\PhysX_3.4\Source\PhysXExtensions\src\serialization\Xml\SnRepX1_0Defaults.h">
      <Filter>serialization\xml</Filter>
    </ClInclude>
    <ClInclude Include="C:\SVN\master_epic_main\Engine\Source\ThirdParty\PhysX3\PhysX_3.4\Source\PhysXExtensions\src\serialization\Xml\SnRepX3_1Defaults.h">
      <Filter>serialization\xml</Filter>
    </ClInclude>
    <ClInclude Include="C:\SVN\master_epic_main\Engine\Source\ThirdParty\PhysX3\PhysX_3.4\Source\PhysXExtensions\src\serialization\Xml\SnRepX3_2Defaults.h">
      <Filter>serialization\xml</Filter>
    </ClInclude>
    <ClInclude Include="C:\SVN\master_epic_main\Engine\Source\ThirdParty\PhysX3\PhysX_3.4\Source\PhysXExtensions\src\serialization\Xml\SnRepXCollection.h">
      <Filter>serialization\xml</Filter>
    </ClInclude>
    <ClInclude Include="C:\SVN\master_epic_main\Engine\Source\ThirdParty\PhysX3\PhysX_3.4\Source\PhysXExtensions\src\serialization\Xml\SnJointRepXSerializer.h">
      <Filter>serialization\xml</Filter>
    </ClInclude>
    <ClInclude Include="C:\SVN\master_epic_main\Engine\Source\ThirdParty\PhysX3\PhysX_3.4\Source\PhysXExtensions\src\serialization\Xml\SnRepXCoreSerializer.h">
      <Filter>serialization\xml</Filter>
    </ClInclude>
    <ClInclude Include="C:\SVN\master_epic_main\Engine\Source\ThirdParty\PhysX3\PhysX_3.4\Source\PhysXExtensions\src\serialization\Xml\SnRepXSerializerImpl.h">
      <Filter>serialization\xml</Filter>
    </ClInclude>
    <ClInclude Include="C:\SVN\master_epic_main\Engine\Source\ThirdParty\PhysX3\PhysX_3.4\Source\PhysXExtensions\src\serialization\Xml\SnRepXUpgrader.h">
      <Filter>serialization\xml</Filter>
    </ClInclude>
    <ClInclude Include="C:\SVN\master_epic_main\Engine\Source\ThirdParty\PhysX3\PhysX_3.4\Source\PhysXExtensions\src\serialization\Xml\SnSimpleXmlWriter.h">
      <Filter>serialization\xml</Filter>
    </ClInclude>
    <ClInclude Include="C:\SVN\master_epic_main\Engine\Source\ThirdParty\PhysX3\PhysX_3.4\Source\PhysXExtensions\src\serialization\Xml\SnXmlDeserializer.h">
      <Filter>serialization\xml</Filter>
    </ClInclude>
    <ClInclude Include="C:\SVN\master_epic_main\Engine\Source\ThirdParty\PhysX3\PhysX_3.4\Source\PhysXExtensions\src\serialization\Xml\SnXmlImpl.h">
      <Filter>serialization\xml</Filter>
    </ClInclude>
    <ClInclude Include="C:\SVN\master_epic_main\Engine\Source\ThirdParty\PhysX3\PhysX_3.4\Source\PhysXExtensions\src\serialization\Xml\SnXmlMemoryAllocator.h">
      <Filter>serialization\xml</Filter>
    </ClInclude>
    <ClInclude Include="C:\SVN\master_epic_main\Engine\Source\ThirdParty\PhysX3\PhysX_3.4\Source\PhysXExtensions\src\serialization\Xml\SnXmlMemoryPool.h">
      <Filter>serialization\xml</Filter>
    </ClInclude>
    <ClInclude Include="C:\SVN\master_epic_main\Engine\Source\ThirdParty\PhysX3\PhysX_3.4\Source\PhysXExtensions\src\serialization\Xml\SnXmlMemoryPoolStreams.h">
      <Filter>serialization\xml</Filter>
    </ClInclude>
    <ClInclude Include="C:\SVN\master_epic_main\Engine\Source\ThirdParty\PhysX3\PhysX_3.4\Source\PhysXExtensions\src\serialization\Xml\SnXmlReader.h">
      <Filter>serialization\xml</Filter>
    </ClInclude>
    <ClInclude Include="C:\SVN\master_epic_main\Engine\Source\ThirdParty\PhysX3\PhysX_3.4\Source\PhysXExtensions\src\serialization\Xml\SnXmlSerializer.h">
      <Filter>serialization\xml</Filter>
    </ClInclude>
    <ClInclude Include="C:\SVN\master_epic_main\Engine\Source\ThirdParty\PhysX3\PhysX_3.4\Source\PhysXExtensions\src\serialization\Xml\SnXmlSimpleXmlWriter.h">
      <Filter>serialization\xml</Filter>
    </ClInclude>
    <ClInclude Include="C:\SVN\master_epic_main\Engine\Source\ThirdParty\PhysX3\PhysX_3.4\Source\PhysXExtensions\src\serialization\Xml\SnXmlStringToType.h">
      <Filter>serialization\xml</Filter>
    </ClInclude>
    <ClInclude Include="C:\SVN\master_epic_main\Engine\Source\ThirdParty\PhysX3\PhysX_3.4\Source\PhysXExtensions\src\serialization\Xml\SnXmlVisitorReader.h">
      <Filter>serialization\xml</Filter>
    </ClInclude>
    <ClInclude Include="C:\SVN\master_epic_main\Engine\Source\ThirdParty\PhysX3\PhysX_3.4\Source\PhysXExtensions\src\serialization\Xml\SnXmlVisitorWriter.h">
      <Filter>serialization\xml</Filter>
    </ClInclude>
    <ClInclude Include="C:\SVN\master_epic_main\Engine\Source\ThirdParty\PhysX3\PhysX_3.4\Source\PhysXExtensions\src\serialization\Xml\SnXmlWriter.h">
      <Filter>serialization\xml</Filter>
    </ClInclude>
    <ClInclude Include="C:\SVN\master_epic_main\Engine\Source\ThirdParty\PhysX3\PhysX_3.4\Source\PhysXExtensions\src\serialization\File\SnFile.h">
      <Filter>serialization\file</Filter>
    </ClInclude>
    <ClInclude Include="C:\SVN\master_epic_main\Engine\Source\ThirdParty\PhysX3\PhysX_3.4\Source\PhysXExtensions\src\serialization\Binary\SnConvX.h">
      <Filter>serialization\binary</Filter>
    </ClInclude>
    <ClInclude Include="C:\SVN\master_epic_main\Engine\Source\ThirdParty\PhysX3\PhysX_3.4\Source\PhysXExtensions\src\serialization\Binary\SnConvX_Align.h">
      <Filter>serialization\binary</Filter>
    </ClInclude>
    <ClInclude Include="C:\SVN\master_epic_main\Engine\Source\ThirdParty\PhysX3\PhysX_3.4\Source\PhysXExtensions\src\serialization\Binary\SnConvX_Common.h">
      <Filter>serialization\binary</Filter>
    </ClInclude>
    <ClInclude Include="C:\SVN\master_epic_main\Engine\Source\ThirdParty\PhysX3\PhysX_3.4\Source\PhysXExtensions\src\serialization\Binary\SnConvX_MetaData.h">
      <Filter>serialization\binary</Filter>
    </ClInclude>
    <ClInclude Include="C:\SVN\master_epic_main\Engine\Source\ThirdParty\PhysX3\PhysX_3.4\Source\PhysXExtensions\src\serialization\Binary\SnConvX_Output.h">
      <Filter>serialization\binary</Filter>
    </ClInclude>
    <ClInclude Include="C:\SVN\master_epic_main\Engine\Source\ThirdParty\PhysX3\PhysX_3.4\Source\PhysXExtensions\src\serialization\Binary\SnConvX_Union.h">
      <Filter>serialization\binary</Filter>
    </ClInclude>
    <ClInclude Include="C:\SVN\master_epic_main\Engine\Source\ThirdParty\PhysX3\PhysX_3.4\Source\PhysXExtensions\src\serialization\Binary\SnSerializationContext.h">
      <Filter>serialization\binary</Filter>
    </ClInclude>
  </ItemGroup>
  <ItemGroup>
    <CustomBuild Include="C:\SVN\master_epic_main\Engine\Source\ThirdParty\PhysX3\PhysX_3.4\Source\compiler\cmake\windows\CMakeLists.txt" />
  </ItemGroup>
  <ItemGroup>
    <Filter Include="include">
      <UniqueIdentifier>{9E661E72-3CA7-3276-96C6-734185965DCB}</UniqueIdentifier>
    </Filter>
    <Filter Include="serialization">
      <UniqueIdentifier>{AC2E3867-5F29-325B-8559-FC6EDA1DC3B0}</UniqueIdentifier>
    </Filter>
    <Filter Include="serialization\binary">
      <UniqueIdentifier>{191ED816-8F10-370B-BE7E-4C5E16FBC3E8}</UniqueIdentifier>
    </Filter>
    <Filter Include="serialization\file">
      <UniqueIdentifier>{86CE7A05-C2EA-3DE7-B2A0-73F8845C8664}</UniqueIdentifier>
    </Filter>
    <Filter Include="serialization\xml">
      <UniqueIdentifier>{2C72E893-18F7-371D-99DD-28E6BFCCE319}</UniqueIdentifier>
    </Filter>
    <Filter Include="src">
      <UniqueIdentifier>{96EDB04D-3857-3D1F-AC65-1CF565980106}</UniqueIdentifier>
    </Filter>
    <Filter Include="src\metadata">
      <UniqueIdentifier>{EE1F9421-82B6-33F2-80D6-B957695725CE}</UniqueIdentifier>
    </Filter>
  </ItemGroup>
</Project>
