
Microsoft Visual Studio Solution File, Format Version 12.00
# Visual Studio Version 17
Project("{8BC9CEB8-8B4A-11D0-8D11-00A0C91BC942}") = "ALL_BUILD", "ALL_BUILD.vcxproj", "{B3174A45-4F14-3B97-82D1-D2FCDB30E8B1}"
	ProjectSection(ProjectDependencies) = postProject
		{D00BAC01-80F1-3F18-B96A-0C9438374DAB} = {D00BAC01-80F1-3F18-B96A-0C9438374DAB}
		{77CF6EEB-55DE-3AC9-8F09-80954395A499} = {77CF6EEB-55DE-3AC9-8F09-80954395A499}
		{AF411C4F-2B91-3F48-8629-03B100F25B72} = {AF411C4F-2B91-3F48-8629-03B100F25B72}
		{41120FCC-8D46-3456-8A19-91080569606C} = {41120FCC-8D46-3456-8A19-91080569606C}
		{F0613C57-3EB9-3A71-9FE6-56D0246A3835} = {F0613C57-3EB9-3A71-9FE6-56D0246A3835}
		{C7446B46-3B7E-36AD-8FF1-7FBB00D6E1C0} = {C7446B46-3B7E-36AD-8FF1-7FBB00D6E1C0}
		{43123F98-E695-3DF3-83D2-BFD44FAE257A} = {43123F98-E695-3DF3-83D2-BFD44FAE257A}
		{48C6B56B-DAE5-3D78-AF53-CF8B544CE56E} = {48C6B56B-DAE5-3D78-AF53-CF8B544CE56E}
		{1EE7ED14-CDFB-3E95-A7C8-8AD7AC264B61} = {1EE7ED14-CDFB-3E95-A7C8-8AD7AC264B61}
		{8695CC12-494C-3D94-A789-5299AF2C90F8} = {8695CC12-494C-3D94-A789-5299AF2C90F8}
		{A15AFC38-9ACA-3963-8AEA-8AFD40218FB9} = {A15AFC38-9ACA-3963-8AEA-8AFD40218FB9}
		{C19502E3-168F-3B90-9066-58FCF4F3BA52} = {C19502E3-168F-3B90-9066-58FCF4F3BA52}
		{7120FB60-5036-3006-A7E3-E8CA3CF87937} = {7120FB60-5036-3006-A7E3-E8CA3CF87937}
		{938C56F6-B024-3BF1-A056-481C09727A46} = {938C56F6-B024-3BF1-A056-481C09727A46}
		{28D0DEC5-06AA-316B-8FAD-C61CFFA7EADB} = {28D0DEC5-06AA-316B-8FAD-C61CFFA7EADB}
		{99599E97-202F-36FB-BF4B-5337F8712599} = {99599E97-202F-36FB-BF4B-5337F8712599}
		{D2C2FCF3-11EA-3085-AFD1-CF2818010D61} = {D2C2FCF3-11EA-3085-AFD1-CF2818010D61}
		{B1967810-3001-32B6-B5A8-5BBD1E34BFAD} = {B1967810-3001-32B6-B5A8-5BBD1E34BFAD}
	EndProjectSection
EndProject
Project("{8BC9CEB8-8B4A-11D0-8D11-00A0C91BC942}") = "LowLevel", "LowLevel.vcxproj", "{D00BAC01-80F1-3F18-B96A-0C9438374DAB}"
	ProjectSection(ProjectDependencies) = postProject
		{B1967810-3001-32B6-B5A8-5BBD1E34BFAD} = {B1967810-3001-32B6-B5A8-5BBD1E34BFAD}
	EndProjectSection
EndProject
Project("{8BC9CEB8-8B4A-11D0-8D11-00A0C91BC942}") = "LowLevelAABB", "LowLevelAABB.vcxproj", "{77CF6EEB-55DE-3AC9-8F09-80954395A499}"
	ProjectSection(ProjectDependencies) = postProject
		{B1967810-3001-32B6-B5A8-5BBD1E34BFAD} = {B1967810-3001-32B6-B5A8-5BBD1E34BFAD}
	EndProjectSection
EndProject
Project("{8BC9CEB8-8B4A-11D0-8D11-00A0C91BC942}") = "LowLevelCloth", "LowLevelCloth.vcxproj", "{AF411C4F-2B91-3F48-8629-03B100F25B72}"
	ProjectSection(ProjectDependencies) = postProject
		{B1967810-3001-32B6-B5A8-5BBD1E34BFAD} = {B1967810-3001-32B6-B5A8-5BBD1E34BFAD}
	EndProjectSection
EndProject
Project("{8BC9CEB8-8B4A-11D0-8D11-00A0C91BC942}") = "LowLevelDynamics", "LowLevelDynamics.vcxproj", "{41120FCC-8D46-3456-8A19-91080569606C}"
	ProjectSection(ProjectDependencies) = postProject
		{B1967810-3001-32B6-B5A8-5BBD1E34BFAD} = {B1967810-3001-32B6-B5A8-5BBD1E34BFAD}
	EndProjectSection
EndProject
Project("{8BC9CEB8-8B4A-11D0-8D11-00A0C91BC942}") = "LowLevelParticles", "LowLevelParticles.vcxproj", "{F0613C57-3EB9-3A71-9FE6-56D0246A3835}"
	ProjectSection(ProjectDependencies) = postProject
		{B1967810-3001-32B6-B5A8-5BBD1E34BFAD} = {B1967810-3001-32B6-B5A8-5BBD1E34BFAD}
	EndProjectSection
EndProject
Project("{8BC9CEB8-8B4A-11D0-8D11-00A0C91BC942}") = "PhysX", "PhysX.vcxproj", "{C7446B46-3B7E-36AD-8FF1-7FBB00D6E1C0}"
	ProjectSection(ProjectDependencies) = postProject
		{D00BAC01-80F1-3F18-B96A-0C9438374DAB} = {D00BAC01-80F1-3F18-B96A-0C9438374DAB}
		{77CF6EEB-55DE-3AC9-8F09-80954395A499} = {77CF6EEB-55DE-3AC9-8F09-80954395A499}
		{AF411C4F-2B91-3F48-8629-03B100F25B72} = {AF411C4F-2B91-3F48-8629-03B100F25B72}
		{41120FCC-8D46-3456-8A19-91080569606C} = {41120FCC-8D46-3456-8A19-91080569606C}
		{F0613C57-3EB9-3A71-9FE6-56D0246A3835} = {F0613C57-3EB9-3A71-9FE6-56D0246A3835}
		{48C6B56B-DAE5-3D78-AF53-CF8B544CE56E} = {48C6B56B-DAE5-3D78-AF53-CF8B544CE56E}
		{7120FB60-5036-3006-A7E3-E8CA3CF87937} = {7120FB60-5036-3006-A7E3-E8CA3CF87937}
		{938C56F6-B024-3BF1-A056-481C09727A46} = {938C56F6-B024-3BF1-A056-481C09727A46}
		{28D0DEC5-06AA-316B-8FAD-C61CFFA7EADB} = {28D0DEC5-06AA-316B-8FAD-C61CFFA7EADB}
		{99599E97-202F-36FB-BF4B-5337F8712599} = {99599E97-202F-36FB-BF4B-5337F8712599}
		{D2C2FCF3-11EA-3085-AFD1-CF2818010D61} = {D2C2FCF3-11EA-3085-AFD1-CF2818010D61}
		{B1967810-3001-32B6-B5A8-5BBD1E34BFAD} = {B1967810-3001-32B6-B5A8-5BBD1E34BFAD}
	EndProjectSection
EndProject
Project("{8BC9CEB8-8B4A-11D0-8D11-00A0C91BC942}") = "PhysXCharacterKinematic", "PhysXCharacterKinematic.vcxproj", "{43123F98-E695-3DF3-83D2-BFD44FAE257A}"
	ProjectSection(ProjectDependencies) = postProject
		{B1967810-3001-32B6-B5A8-5BBD1E34BFAD} = {B1967810-3001-32B6-B5A8-5BBD1E34BFAD}
	EndProjectSection
EndProject
Project("{8BC9CEB8-8B4A-11D0-8D11-00A0C91BC942}") = "PhysXCommon", "PhysXCommon.vcxproj", "{48C6B56B-DAE5-3D78-AF53-CF8B544CE56E}"
	ProjectSection(ProjectDependencies) = postProject
		{7120FB60-5036-3006-A7E3-E8CA3CF87937} = {7120FB60-5036-3006-A7E3-E8CA3CF87937}
		{B1967810-3001-32B6-B5A8-5BBD1E34BFAD} = {B1967810-3001-32B6-B5A8-5BBD1E34BFAD}
	EndProjectSection
EndProject
Project("{8BC9CEB8-8B4A-11D0-8D11-00A0C91BC942}") = "PhysXCooking", "PhysXCooking.vcxproj", "{1EE7ED14-CDFB-3E95-A7C8-8AD7AC264B61}"
	ProjectSection(ProjectDependencies) = postProject
		{48C6B56B-DAE5-3D78-AF53-CF8B544CE56E} = {48C6B56B-DAE5-3D78-AF53-CF8B544CE56E}
		{8695CC12-494C-3D94-A789-5299AF2C90F8} = {8695CC12-494C-3D94-A789-5299AF2C90F8}
		{C19502E3-168F-3B90-9066-58FCF4F3BA52} = {C19502E3-168F-3B90-9066-58FCF4F3BA52}
		{7120FB60-5036-3006-A7E3-E8CA3CF87937} = {7120FB60-5036-3006-A7E3-E8CA3CF87937}
		{B1967810-3001-32B6-B5A8-5BBD1E34BFAD} = {B1967810-3001-32B6-B5A8-5BBD1E34BFAD}
	EndProjectSection
EndProject
Project("{8BC9CEB8-8B4A-11D0-8D11-00A0C91BC942}") = "PhysXExtensions", "PhysXExtensions.vcxproj", "{8695CC12-494C-3D94-A789-5299AF2C90F8}"
	ProjectSection(ProjectDependencies) = postProject
		{C19502E3-168F-3B90-9066-58FCF4F3BA52} = {C19502E3-168F-3B90-9066-58FCF4F3BA52}
		{B1967810-3001-32B6-B5A8-5BBD1E34BFAD} = {B1967810-3001-32B6-B5A8-5BBD1E34BFAD}
	EndProjectSection
EndProject
Project("{8BC9CEB8-8B4A-11D0-8D11-00A0C91BC942}") = "PhysXVehicle", "PhysXVehicle.vcxproj", "{A15AFC38-9ACA-3963-8AEA-8AFD40218FB9}"
	ProjectSection(ProjectDependencies) = postProject
		{B1967810-3001-32B6-B5A8-5BBD1E34BFAD} = {B1967810-3001-32B6-B5A8-5BBD1E34BFAD}
	EndProjectSection
EndProject
Project("{8BC9CEB8-8B4A-11D0-8D11-00A0C91BC942}") = "PsFastXml", "pxshared_bin\PsFastXml.vcxproj", "{C19502E3-168F-3B90-9066-58FCF4F3BA52}"
	ProjectSection(ProjectDependencies) = postProject
		{B1967810-3001-32B6-B5A8-5BBD1E34BFAD} = {B1967810-3001-32B6-B5A8-5BBD1E34BFAD}
	EndProjectSection
EndProject
Project("{8BC9CEB8-8B4A-11D0-8D11-00A0C91BC942}") = "PxFoundation", "pxshared_bin\PxFoundation.vcxproj", "{7120FB60-5036-3006-A7E3-E8CA3CF87937}"
	ProjectSection(ProjectDependencies) = postProject
		{B1967810-3001-32B6-B5A8-5BBD1E34BFAD} = {B1967810-3001-32B6-B5A8-5BBD1E34BFAD}
	EndProjectSection
EndProject
Project("{8BC9CEB8-8B4A-11D0-8D11-00A0C91BC942}") = "PxPvdSDK", "pxshared_bin\PxPvdSDK.vcxproj", "{938C56F6-B024-3BF1-A056-481C09727A46}"
	ProjectSection(ProjectDependencies) = postProject
		{7120FB60-5036-3006-A7E3-E8CA3CF87937} = {7120FB60-5036-3006-A7E3-E8CA3CF87937}
		{B1967810-3001-32B6-B5A8-5BBD1E34BFAD} = {B1967810-3001-32B6-B5A8-5BBD1E34BFAD}
	EndProjectSection
EndProject
Project("{8BC9CEB8-8B4A-11D0-8D11-00A0C91BC942}") = "PxTask", "pxshared_bin\PxTask.vcxproj", "{28D0DEC5-06AA-316B-8FAD-C61CFFA7EADB}"
	ProjectSection(ProjectDependencies) = postProject
		{B1967810-3001-32B6-B5A8-5BBD1E34BFAD} = {B1967810-3001-32B6-B5A8-5BBD1E34BFAD}
	EndProjectSection
EndProject
Project("{8BC9CEB8-8B4A-11D0-8D11-00A0C91BC942}") = "SceneQuery", "SceneQuery.vcxproj", "{99599E97-202F-36FB-BF4B-5337F8712599}"
	ProjectSection(ProjectDependencies) = postProject
		{B1967810-3001-32B6-B5A8-5BBD1E34BFAD} = {B1967810-3001-32B6-B5A8-5BBD1E34BFAD}
	EndProjectSection
EndProject
Project("{8BC9CEB8-8B4A-11D0-8D11-00A0C91BC942}") = "SimulationController", "SimulationController.vcxproj", "{D2C2FCF3-11EA-3085-AFD1-CF2818010D61}"
	ProjectSection(ProjectDependencies) = postProject
		{B1967810-3001-32B6-B5A8-5BBD1E34BFAD} = {B1967810-3001-32B6-B5A8-5BBD1E34BFAD}
	EndProjectSection
EndProject
Project("{8BC9CEB8-8B4A-11D0-8D11-00A0C91BC942}") = "ZERO_CHECK", "ZERO_CHECK.vcxproj", "{B1967810-3001-32B6-B5A8-5BBD1E34BFAD}"
	ProjectSection(ProjectDependencies) = postProject
	EndProjectSection
EndProject
Global
	GlobalSection(SolutionConfigurationPlatforms) = preSolution
		debug|x64 = debug|x64
		checked|x64 = checked|x64
		profile|x64 = profile|x64
		release|x64 = release|x64
	EndGlobalSection
	GlobalSection(ProjectConfigurationPlatforms) = postSolution
		{B3174A45-4F14-3B97-82D1-D2FCDB30E8B1}.debug|x64.ActiveCfg = debug|x64
		{B3174A45-4F14-3B97-82D1-D2FCDB30E8B1}.checked|x64.ActiveCfg = checked|x64
		{B3174A45-4F14-3B97-82D1-D2FCDB30E8B1}.profile|x64.ActiveCfg = profile|x64
		{B3174A45-4F14-3B97-82D1-D2FCDB30E8B1}.release|x64.ActiveCfg = release|x64
		{D00BAC01-80F1-3F18-B96A-0C9438374DAB}.debug|x64.ActiveCfg = debug|x64
		{D00BAC01-80F1-3F18-B96A-0C9438374DAB}.debug|x64.Build.0 = debug|x64
		{D00BAC01-80F1-3F18-B96A-0C9438374DAB}.checked|x64.ActiveCfg = checked|x64
		{D00BAC01-80F1-3F18-B96A-0C9438374DAB}.checked|x64.Build.0 = checked|x64
		{D00BAC01-80F1-3F18-B96A-0C9438374DAB}.profile|x64.ActiveCfg = profile|x64
		{D00BAC01-80F1-3F18-B96A-0C9438374DAB}.profile|x64.Build.0 = profile|x64
		{D00BAC01-80F1-3F18-B96A-0C9438374DAB}.release|x64.ActiveCfg = release|x64
		{D00BAC01-80F1-3F18-B96A-0C9438374DAB}.release|x64.Build.0 = release|x64
		{77CF6EEB-55DE-3AC9-8F09-80954395A499}.debug|x64.ActiveCfg = debug|x64
		{77CF6EEB-55DE-3AC9-8F09-80954395A499}.debug|x64.Build.0 = debug|x64
		{77CF6EEB-55DE-3AC9-8F09-80954395A499}.checked|x64.ActiveCfg = checked|x64
		{77CF6EEB-55DE-3AC9-8F09-80954395A499}.checked|x64.Build.0 = checked|x64
		{77CF6EEB-55DE-3AC9-8F09-80954395A499}.profile|x64.ActiveCfg = profile|x64
		{77CF6EEB-55DE-3AC9-8F09-80954395A499}.profile|x64.Build.0 = profile|x64
		{77CF6EEB-55DE-3AC9-8F09-80954395A499}.release|x64.ActiveCfg = release|x64
		{77CF6EEB-55DE-3AC9-8F09-80954395A499}.release|x64.Build.0 = release|x64
		{AF411C4F-2B91-3F48-8629-03B100F25B72}.debug|x64.ActiveCfg = debug|x64
		{AF411C4F-2B91-3F48-8629-03B100F25B72}.debug|x64.Build.0 = debug|x64
		{AF411C4F-2B91-3F48-8629-03B100F25B72}.checked|x64.ActiveCfg = checked|x64
		{AF411C4F-2B91-3F48-8629-03B100F25B72}.checked|x64.Build.0 = checked|x64
		{AF411C4F-2B91-3F48-8629-03B100F25B72}.profile|x64.ActiveCfg = profile|x64
		{AF411C4F-2B91-3F48-8629-03B100F25B72}.profile|x64.Build.0 = profile|x64
		{AF411C4F-2B91-3F48-8629-03B100F25B72}.release|x64.ActiveCfg = release|x64
		{AF411C4F-2B91-3F48-8629-03B100F25B72}.release|x64.Build.0 = release|x64
		{41120FCC-8D46-3456-8A19-91080569606C}.debug|x64.ActiveCfg = debug|x64
		{41120FCC-8D46-3456-8A19-91080569606C}.debug|x64.Build.0 = debug|x64
		{41120FCC-8D46-3456-8A19-91080569606C}.checked|x64.ActiveCfg = checked|x64
		{41120FCC-8D46-3456-8A19-91080569606C}.checked|x64.Build.0 = checked|x64
		{41120FCC-8D46-3456-8A19-91080569606C}.profile|x64.ActiveCfg = profile|x64
		{41120FCC-8D46-3456-8A19-91080569606C}.profile|x64.Build.0 = profile|x64
		{41120FCC-8D46-3456-8A19-91080569606C}.release|x64.ActiveCfg = release|x64
		{41120FCC-8D46-3456-8A19-91080569606C}.release|x64.Build.0 = release|x64
		{F0613C57-3EB9-3A71-9FE6-56D0246A3835}.debug|x64.ActiveCfg = debug|x64
		{F0613C57-3EB9-3A71-9FE6-56D0246A3835}.debug|x64.Build.0 = debug|x64
		{F0613C57-3EB9-3A71-9FE6-56D0246A3835}.checked|x64.ActiveCfg = checked|x64
		{F0613C57-3EB9-3A71-9FE6-56D0246A3835}.checked|x64.Build.0 = checked|x64
		{F0613C57-3EB9-3A71-9FE6-56D0246A3835}.profile|x64.ActiveCfg = profile|x64
		{F0613C57-3EB9-3A71-9FE6-56D0246A3835}.profile|x64.Build.0 = profile|x64
		{F0613C57-3EB9-3A71-9FE6-56D0246A3835}.release|x64.ActiveCfg = release|x64
		{F0613C57-3EB9-3A71-9FE6-56D0246A3835}.release|x64.Build.0 = release|x64
		{C7446B46-3B7E-36AD-8FF1-7FBB00D6E1C0}.debug|x64.ActiveCfg = debug|x64
		{C7446B46-3B7E-36AD-8FF1-7FBB00D6E1C0}.debug|x64.Build.0 = debug|x64
		{C7446B46-3B7E-36AD-8FF1-7FBB00D6E1C0}.checked|x64.ActiveCfg = checked|x64
		{C7446B46-3B7E-36AD-8FF1-7FBB00D6E1C0}.checked|x64.Build.0 = checked|x64
		{C7446B46-3B7E-36AD-8FF1-7FBB00D6E1C0}.profile|x64.ActiveCfg = profile|x64
		{C7446B46-3B7E-36AD-8FF1-7FBB00D6E1C0}.profile|x64.Build.0 = profile|x64
		{C7446B46-3B7E-36AD-8FF1-7FBB00D6E1C0}.release|x64.ActiveCfg = release|x64
		{C7446B46-3B7E-36AD-8FF1-7FBB00D6E1C0}.release|x64.Build.0 = release|x64
		{43123F98-E695-3DF3-83D2-BFD44FAE257A}.debug|x64.ActiveCfg = debug|x64
		{43123F98-E695-3DF3-83D2-BFD44FAE257A}.debug|x64.Build.0 = debug|x64
		{43123F98-E695-3DF3-83D2-BFD44FAE257A}.checked|x64.ActiveCfg = checked|x64
		{43123F98-E695-3DF3-83D2-BFD44FAE257A}.checked|x64.Build.0 = checked|x64
		{43123F98-E695-3DF3-83D2-BFD44FAE257A}.profile|x64.ActiveCfg = profile|x64
		{43123F98-E695-3DF3-83D2-BFD44FAE257A}.profile|x64.Build.0 = profile|x64
		{43123F98-E695-3DF3-83D2-BFD44FAE257A}.release|x64.ActiveCfg = release|x64
		{43123F98-E695-3DF3-83D2-BFD44FAE257A}.release|x64.Build.0 = release|x64
		{48C6B56B-DAE5-3D78-AF53-CF8B544CE56E}.debug|x64.ActiveCfg = debug|x64
		{48C6B56B-DAE5-3D78-AF53-CF8B544CE56E}.debug|x64.Build.0 = debug|x64
		{48C6B56B-DAE5-3D78-AF53-CF8B544CE56E}.checked|x64.ActiveCfg = checked|x64
		{48C6B56B-DAE5-3D78-AF53-CF8B544CE56E}.checked|x64.Build.0 = checked|x64
		{48C6B56B-DAE5-3D78-AF53-CF8B544CE56E}.profile|x64.ActiveCfg = profile|x64
		{48C6B56B-DAE5-3D78-AF53-CF8B544CE56E}.profile|x64.Build.0 = profile|x64
		{48C6B56B-DAE5-3D78-AF53-CF8B544CE56E}.release|x64.ActiveCfg = release|x64
		{48C6B56B-DAE5-3D78-AF53-CF8B544CE56E}.release|x64.Build.0 = release|x64
		{1EE7ED14-CDFB-3E95-A7C8-8AD7AC264B61}.debug|x64.ActiveCfg = debug|x64
		{1EE7ED14-CDFB-3E95-A7C8-8AD7AC264B61}.debug|x64.Build.0 = debug|x64
		{1EE7ED14-CDFB-3E95-A7C8-8AD7AC264B61}.checked|x64.ActiveCfg = checked|x64
		{1EE7ED14-CDFB-3E95-A7C8-8AD7AC264B61}.checked|x64.Build.0 = checked|x64
		{1EE7ED14-CDFB-3E95-A7C8-8AD7AC264B61}.profile|x64.ActiveCfg = profile|x64
		{1EE7ED14-CDFB-3E95-A7C8-8AD7AC264B61}.profile|x64.Build.0 = profile|x64
		{1EE7ED14-CDFB-3E95-A7C8-8AD7AC264B61}.release|x64.ActiveCfg = release|x64
		{1EE7ED14-CDFB-3E95-A7C8-8AD7AC264B61}.release|x64.Build.0 = release|x64
		{8695CC12-494C-3D94-A789-5299AF2C90F8}.debug|x64.ActiveCfg = debug|x64
		{8695CC12-494C-3D94-A789-5299AF2C90F8}.debug|x64.Build.0 = debug|x64
		{8695CC12-494C-3D94-A789-5299AF2C90F8}.checked|x64.ActiveCfg = checked|x64
		{8695CC12-494C-3D94-A789-5299AF2C90F8}.checked|x64.Build.0 = checked|x64
		{8695CC12-494C-3D94-A789-5299AF2C90F8}.profile|x64.ActiveCfg = profile|x64
		{8695CC12-494C-3D94-A789-5299AF2C90F8}.profile|x64.Build.0 = profile|x64
		{8695CC12-494C-3D94-A789-5299AF2C90F8}.release|x64.ActiveCfg = release|x64
		{8695CC12-494C-3D94-A789-5299AF2C90F8}.release|x64.Build.0 = release|x64
		{A15AFC38-9ACA-3963-8AEA-8AFD40218FB9}.debug|x64.ActiveCfg = debug|x64
		{A15AFC38-9ACA-3963-8AEA-8AFD40218FB9}.debug|x64.Build.0 = debug|x64
		{A15AFC38-9ACA-3963-8AEA-8AFD40218FB9}.checked|x64.ActiveCfg = checked|x64
		{A15AFC38-9ACA-3963-8AEA-8AFD40218FB9}.checked|x64.Build.0 = checked|x64
		{A15AFC38-9ACA-3963-8AEA-8AFD40218FB9}.profile|x64.ActiveCfg = profile|x64
		{A15AFC38-9ACA-3963-8AEA-8AFD40218FB9}.profile|x64.Build.0 = profile|x64
		{A15AFC38-9ACA-3963-8AEA-8AFD40218FB9}.release|x64.ActiveCfg = release|x64
		{A15AFC38-9ACA-3963-8AEA-8AFD40218FB9}.release|x64.Build.0 = release|x64
		{C19502E3-168F-3B90-9066-58FCF4F3BA52}.debug|x64.ActiveCfg = debug|x64
		{C19502E3-168F-3B90-9066-58FCF4F3BA52}.debug|x64.Build.0 = debug|x64
		{C19502E3-168F-3B90-9066-58FCF4F3BA52}.checked|x64.ActiveCfg = checked|x64
		{C19502E3-168F-3B90-9066-58FCF4F3BA52}.checked|x64.Build.0 = checked|x64
		{C19502E3-168F-3B90-9066-58FCF4F3BA52}.profile|x64.ActiveCfg = profile|x64
		{C19502E3-168F-3B90-9066-58FCF4F3BA52}.profile|x64.Build.0 = profile|x64
		{C19502E3-168F-3B90-9066-58FCF4F3BA52}.release|x64.ActiveCfg = release|x64
		{C19502E3-168F-3B90-9066-58FCF4F3BA52}.release|x64.Build.0 = release|x64
		{7120FB60-5036-3006-A7E3-E8CA3CF87937}.debug|x64.ActiveCfg = debug|x64
		{7120FB60-5036-3006-A7E3-E8CA3CF87937}.debug|x64.Build.0 = debug|x64
		{7120FB60-5036-3006-A7E3-E8CA3CF87937}.checked|x64.ActiveCfg = checked|x64
		{7120FB60-5036-3006-A7E3-E8CA3CF87937}.checked|x64.Build.0 = checked|x64
		{7120FB60-5036-3006-A7E3-E8CA3CF87937}.profile|x64.ActiveCfg = profile|x64
		{7120FB60-5036-3006-A7E3-E8CA3CF87937}.profile|x64.Build.0 = profile|x64
		{7120FB60-5036-3006-A7E3-E8CA3CF87937}.release|x64.ActiveCfg = release|x64
		{7120FB60-5036-3006-A7E3-E8CA3CF87937}.release|x64.Build.0 = release|x64
		{938C56F6-B024-3BF1-A056-481C09727A46}.debug|x64.ActiveCfg = debug|x64
		{938C56F6-B024-3BF1-A056-481C09727A46}.debug|x64.Build.0 = debug|x64
		{938C56F6-B024-3BF1-A056-481C09727A46}.checked|x64.ActiveCfg = checked|x64
		{938C56F6-B024-3BF1-A056-481C09727A46}.checked|x64.Build.0 = checked|x64
		{938C56F6-B024-3BF1-A056-481C09727A46}.profile|x64.ActiveCfg = profile|x64
		{938C56F6-B024-3BF1-A056-481C09727A46}.profile|x64.Build.0 = profile|x64
		{938C56F6-B024-3BF1-A056-481C09727A46}.release|x64.ActiveCfg = release|x64
		{938C56F6-B024-3BF1-A056-481C09727A46}.release|x64.Build.0 = release|x64
		{28D0DEC5-06AA-316B-8FAD-C61CFFA7EADB}.debug|x64.ActiveCfg = debug|x64
		{28D0DEC5-06AA-316B-8FAD-C61CFFA7EADB}.debug|x64.Build.0 = debug|x64
		{28D0DEC5-06AA-316B-8FAD-C61CFFA7EADB}.checked|x64.ActiveCfg = checked|x64
		{28D0DEC5-06AA-316B-8FAD-C61CFFA7EADB}.checked|x64.Build.0 = checked|x64
		{28D0DEC5-06AA-316B-8FAD-C61CFFA7EADB}.profile|x64.ActiveCfg = profile|x64
		{28D0DEC5-06AA-316B-8FAD-C61CFFA7EADB}.profile|x64.Build.0 = profile|x64
		{28D0DEC5-06AA-316B-8FAD-C61CFFA7EADB}.release|x64.ActiveCfg = release|x64
		{28D0DEC5-06AA-316B-8FAD-C61CFFA7EADB}.release|x64.Build.0 = release|x64
		{99599E97-202F-36FB-BF4B-5337F8712599}.debug|x64.ActiveCfg = debug|x64
		{99599E97-202F-36FB-BF4B-5337F8712599}.debug|x64.Build.0 = debug|x64
		{99599E97-202F-36FB-BF4B-5337F8712599}.checked|x64.ActiveCfg = checked|x64
		{99599E97-202F-36FB-BF4B-5337F8712599}.checked|x64.Build.0 = checked|x64
		{99599E97-202F-36FB-BF4B-5337F8712599}.profile|x64.ActiveCfg = profile|x64
		{99599E97-202F-36FB-BF4B-5337F8712599}.profile|x64.Build.0 = profile|x64
		{99599E97-202F-36FB-BF4B-5337F8712599}.release|x64.ActiveCfg = release|x64
		{99599E97-202F-36FB-BF4B-5337F8712599}.release|x64.Build.0 = release|x64
		{D2C2FCF3-11EA-3085-AFD1-CF2818010D61}.debug|x64.ActiveCfg = debug|x64
		{D2C2FCF3-11EA-3085-AFD1-CF2818010D61}.debug|x64.Build.0 = debug|x64
		{D2C2FCF3-11EA-3085-AFD1-CF2818010D61}.checked|x64.ActiveCfg = checked|x64
		{D2C2FCF3-11EA-3085-AFD1-CF2818010D61}.checked|x64.Build.0 = checked|x64
		{D2C2FCF3-11EA-3085-AFD1-CF2818010D61}.profile|x64.ActiveCfg = profile|x64
		{D2C2FCF3-11EA-3085-AFD1-CF2818010D61}.profile|x64.Build.0 = profile|x64
		{D2C2FCF3-11EA-3085-AFD1-CF2818010D61}.release|x64.ActiveCfg = release|x64
		{D2C2FCF3-11EA-3085-AFD1-CF2818010D61}.release|x64.Build.0 = release|x64
		{B1967810-3001-32B6-B5A8-5BBD1E34BFAD}.debug|x64.ActiveCfg = debug|x64
		{B1967810-3001-32B6-B5A8-5BBD1E34BFAD}.debug|x64.Build.0 = debug|x64
		{B1967810-3001-32B6-B5A8-5BBD1E34BFAD}.checked|x64.ActiveCfg = checked|x64
		{B1967810-3001-32B6-B5A8-5BBD1E34BFAD}.checked|x64.Build.0 = checked|x64
		{B1967810-3001-32B6-B5A8-5BBD1E34BFAD}.profile|x64.ActiveCfg = profile|x64
		{B1967810-3001-32B6-B5A8-5BBD1E34BFAD}.profile|x64.Build.0 = profile|x64
		{B1967810-3001-32B6-B5A8-5BBD1E34BFAD}.release|x64.ActiveCfg = release|x64
		{B1967810-3001-32B6-B5A8-5BBD1E34BFAD}.release|x64.Build.0 = release|x64
	EndGlobalSection
	GlobalSection(ExtensibilityGlobals) = postSolution
		SolutionGuid = {C5E20986-DD59-3D45-B1A9-0DF6C4669151}
	EndGlobalSection
	GlobalSection(ExtensibilityAddIns) = postSolution
	EndGlobalSection
EndGlobal
